{
  "name": "codebuddy",
  "version": "1.0.0",
  "lockfileVersion": 1,
  "requires": true,
  "dependencies": {
    "@types/es6-shim": {
      "version": "0.31.38",
      "resolved": "https://registry.npmjs.org/@types/es6-shim/-/es6-shim-0.31.38.tgz",
      "integrity": "sha512-uyQvkK8q5Ivsnn7TSzdGd3XI+y/y0bchUEwEzYYF7JJtnsXqlniXR8SPfj8DQycsHXQ8SPRjQdyE2zjLwESwwg=="
    },
    "@types/prop-types": {
      "version": "15.5.6",
      "resolved": "https://registry.npmjs.org/@types/prop-types/-/prop-types-15.5.6.tgz",
      "integrity": "sha512-ZBFR7TROLVzCkswA3Fmqq+IIJt62/T7aY/Dmz+QkU7CaW2QFqAitCE8Ups7IzmGhcN1YWMBT4Qcoc07jU9hOJQ==",
      "dev": true
    },
    "@types/react": {
      "version": "16.4.18",
      "resolved": "https://registry.npmjs.org/@types/react/-/react-16.4.18.tgz",
      "integrity": "sha512-eFzJKEg6pdeaukVLVZ8Xb79CTl/ysX+ExmOfAAqcFlCCK5TgFDD9kWR0S18sglQ3EmM8U+80enjUqbfnUyqpdA==",
      "dev": true,
      "requires": {
        "@types/prop-types": "15.5.6",
        "csstype": "2.5.7"
      }
    },
    "csstype": {
      "version": "2.5.7",
      "resolved": "https://registry.npmjs.org/csstype/-/csstype-2.5.7.tgz",
      "integrity": "sha512-Nt5VDyOTIIV4/nRFswoCKps1R5CD1hkiyjBE9/thNaNZILLEviVw9yWQw15+O+CpNjQKB/uvdcxFFOrSflY3Yw==",
      "dev": true
    }
  }
}
